
Microsoft Visual Studio Solution File, Format Version 12.00
# Visual Studio Version 17
VisualStudioVersion = 17.8.34330.188
MinimumVisualStudioVersion = 10.0.40219.1
Project("{8BC9CEB8-8B4A-11D0-8D11-00A0C91BC942}") = "Opengl_Tut", "Opengl_Tut\Opengl_Tut.vcxproj", "{DB6D9D96-529F-4BC3-8E0C-2FA81DAFB498}"
EndProject
Global
	GlobalSection(SolutionConfigurationPlatforms) = preSolution
		Debug|x64 = Debug|x64
		Debug|x86 = Debug|x86
		Release|x64 = Release|x64
		Release|x86 = Release|x86
	EndGlobalSection
	GlobalSection(ProjectConfigurationPlatforms) = postSolution
		{DB6D9D96-529F-4BC3-8E0C-2FA81DAFB498}.Debug|x64.ActiveCfg = Debug|x64
		{DB6D9D96-529F-4BC3-8E0C-2FA81DAFB498}.Debug|x64.Build.0 = Debug|x64
		{DB6D9D96-529F-4BC3-8E0C-2FA81DAFB498}.Debug|x86.ActiveCfg = Debug|Win32
		{DB6D9D96-529F-4BC3-8E0C-2FA81DAFB498}.Debug|x86.Build.0 = Debug|Win32
		{DB6D9D96-529F-4BC3-8E0C-2FA81DAFB498}.Release|x64.ActiveCfg = Release|x64
		{DB6D9D96-529F-4BC3-8E0C-2FA81DAFB498}.Release|x64.Build.0 = Release|x64
		{DB6D9D96-529F-4BC3-8E0C-2FA81DAFB498}.Release|x86.ActiveCfg = Release|Win32
		{DB6D9D96-529F-4BC3-8E0C-2FA81DAFB498}.Release|x86.Build.0 = Release|Win32
	EndGlobalSection
	GlobalSection(SolutionProperties) = preSolution
		HideSolutionNode = FALSE
	EndGlobalSection
	GlobalSection(ExtensibilityGlobals) = postSolution
		SolutionGuid = {1CB05CB7-0E96-44E3-8AD2-A8E5DE23A2BD}
	EndGlobalSection
EndGlobal
